
Microsoft Visual Studio Solution File, Format Version 12.00
# Visual Studio 2012
Project("{FAE04EC0-301F-11D3-BF4B-00C04F79EFBC}") = "CMP248WorkShop2_Team6", "CMP248WorkShop2_Team6\CMP248WorkShop2_Team6.csproj", "{444FA551-A610-4FED-B0B4-4FA2CE8DACAB}"
EndProject
Project("{FAE04EC0-301F-11D3-BF4B-00C04F79EFBC}") = "TravelData", "TravelData\TravelData.csproj", "{A97A461C-1DCD-4285-8259-426EDE22E2E7}"
EndProject
Global
	GlobalSection(SolutionConfigurationPlatforms) = preSolution
		Debug|Any CPU = Debug|Any CPU
		Release|Any CPU = Release|Any CPU
	EndGlobalSection
	GlobalSection(ProjectConfigurationPlatforms) = postSolution
		{444FA551-A610-4FED-B0B4-4FA2CE8DACAB}.Debug|Any CPU.ActiveCfg = Debug|Any CPU
		{444FA551-A610-4FED-B0B4-4FA2CE8DACAB}.Debug|Any CPU.Build.0 = Debug|Any CPU
		{444FA551-A610-4FED-B0B4-4FA2CE8DACAB}.Release|Any CPU.ActiveCfg = Release|Any CPU
		{444FA551-A610-4FED-B0B4-4FA2CE8DACAB}.Release|Any CPU.Build.0 = Release|Any CPU
		{A97A461C-1DCD-4285-8259-426EDE22E2E7}.Debug|Any CPU.ActiveCfg = Debug|Any CPU
		{A97A461C-1DCD-4285-8259-426EDE22E2E7}.Debug|Any CPU.Build.0 = Debug|Any CPU
		{A97A461C-1DCD-4285-8259-426EDE22E2E7}.Release|Any CPU.ActiveCfg = Release|Any CPU
		{A97A461C-1DCD-4285-8259-426EDE22E2E7}.Release|Any CPU.Build.0 = Release|Any CPU
	EndGlobalSection
	GlobalSection(SolutionProperties) = preSolution
		HideSolutionNode = FALSE
	EndGlobalSection
EndGlobal
